
Microsoft Visual Studio Solution File, Format Version 12.00
# Visual Studio 15
Project("{FAE04EC0-301F-11D3-BF4B-00C04F79EFBC}") = "Arrays", "Arrays\Arrays.csproj", "{30824300-7F13-4476-907D-C28692EE11A9}"
EndProject
Project("{FAE04EC0-301F-11D3-BF4B-00C04F79EFBC}") = "ConsoleApp1", "ConsoleApp1\ConsoleApp1.csproj", "{58BB564B-7CEC-4FC8-9DBB-0CD2E245EE4B}"
EndProject
Project("{FAE04EC0-301F-11D3-BF4B-00C04F79EFBC}") = "ConsoleApp2", "ConsoleApp2\ConsoleApp2.csproj", "{495E1BD6-A741-4A30-876B-84449F9319CD}"
EndProject
Project("{FAE04EC0-301F-11D3-BF4B-00C04F79EFBC}") = "ConsoleApp3", "ConsoleApp3\ConsoleApp3.csproj", "{D7F6507A-49A4-49D5-9A26-DC59FE6A6B0D}"
EndProject
Project("{FAE04EC0-301F-11D3-BF4B-00C04F79EFBC}") = "Enums", "Enums\Enums.csproj", "{CD8E8108-5666-4E55-B81B-A3B89A43BC84}"
EndProject
Project("{FAE04EC0-301F-11D3-BF4B-00C04F79EFBC}") = "Learning", "Learning\Learning.csproj", "{2DA74BD6-F3FF-48B1-A310-2BFB7F0B8AFE}"
EndProject
Global
	GlobalSection(SolutionConfigurationPlatforms) = preSolution
		Debug|Any CPU = Debug|Any CPU
		Release|Any CPU = Release|Any CPU
	EndGlobalSection
	GlobalSection(ProjectConfigurationPlatforms) = postSolution
		{30824300-7F13-4476-907D-C28692EE11A9}.Debug|Any CPU.ActiveCfg = Debug|Any CPU
		{30824300-7F13-4476-907D-C28692EE11A9}.Debug|Any CPU.Build.0 = Debug|Any CPU
		{30824300-7F13-4476-907D-C28692EE11A9}.Release|Any CPU.ActiveCfg = Release|Any CPU
		{30824300-7F13-4476-907D-C28692EE11A9}.Release|Any CPU.Build.0 = Release|Any CPU
		{58BB564B-7CEC-4FC8-9DBB-0CD2E245EE4B}.Debug|Any CPU.ActiveCfg = Debug|Any CPU
		{58BB564B-7CEC-4FC8-9DBB-0CD2E245EE4B}.Debug|Any CPU.Build.0 = Debug|Any CPU
		{58BB564B-7CEC-4FC8-9DBB-0CD2E245EE4B}.Release|Any CPU.ActiveCfg = Release|Any CPU
		{58BB564B-7CEC-4FC8-9DBB-0CD2E245EE4B}.Release|Any CPU.Build.0 = Release|Any CPU
		{495E1BD6-A741-4A30-876B-84449F9319CD}.Debug|Any CPU.ActiveCfg = Debug|Any CPU
		{495E1BD6-A741-4A30-876B-84449F9319CD}.Debug|Any CPU.Build.0 = Debug|Any CPU
		{495E1BD6-A741-4A30-876B-84449F9319CD}.Release|Any CPU.ActiveCfg = Release|Any CPU
		{495E1BD6-A741-4A30-876B-84449F9319CD}.Release|Any CPU.Build.0 = Release|Any CPU
		{D7F6507A-49A4-49D5-9A26-DC59FE6A6B0D}.Debug|Any CPU.ActiveCfg = Debug|Any CPU
		{D7F6507A-49A4-49D5-9A26-DC59FE6A6B0D}.Debug|Any CPU.Build.0 = Debug|Any CPU
		{D7F6507A-49A4-49D5-9A26-DC59FE6A6B0D}.Release|Any CPU.ActiveCfg = Release|Any CPU
		{D7F6507A-49A4-49D5-9A26-DC59FE6A6B0D}.Release|Any CPU.Build.0 = Release|Any CPU
		{CD8E8108-5666-4E55-B81B-A3B89A43BC84}.Debug|Any CPU.ActiveCfg = Debug|Any CPU
		{CD8E8108-5666-4E55-B81B-A3B89A43BC84}.Debug|Any CPU.Build.0 = Debug|Any CPU
		{CD8E8108-5666-4E55-B81B-A3B89A43BC84}.Release|Any CPU.ActiveCfg = Release|Any CPU
		{CD8E8108-5666-4E55-B81B-A3B89A43BC84}.Release|Any CPU.Build.0 = Release|Any CPU
		{2DA74BD6-F3FF-48B1-A310-2BFB7F0B8AFE}.Debug|Any CPU.ActiveCfg = Debug|Any CPU
		{2DA74BD6-F3FF-48B1-A310-2BFB7F0B8AFE}.Debug|Any CPU.Build.0 = Debug|Any CPU
		{2DA74BD6-F3FF-48B1-A310-2BFB7F0B8AFE}.Release|Any CPU.ActiveCfg = Release|Any CPU
		{2DA74BD6-F3FF-48B1-A310-2BFB7F0B8AFE}.Release|Any CPU.Build.0 = Release|Any CPU
	EndGlobalSection
EndGlobal
